{
    "_readme": [
        "This file locks the dependencies of your project to a known state",
        "Read more about it at https://getcomposer.org/doc/01-basic-usage.md#installing-dependencies",
        "This file is @generated automatically"
    ],
    "content-hash": "4f8003c84cc300466089d15dc51923d4",
    "packages": [
        {
            "name": "foglcz/jsonrpc2",
            "version": "v1.2.0",
            "source": {
                "type": "git",
                "url": "https://github.com/foglcz/JSONRpc2.git",
                "reference": "b05ea2a26b6383fcab653d19a227927e7a8aaf38"
            },
            "dist": {
                "type": "zip",
                "url": "https://api.github.com/repos/foglcz/JSONRpc2/zipball/b05ea2a26b6383fcab653d19a227927e7a8aaf38",
                "reference": "b05ea2a26b6383fcab653d19a227927e7a8aaf38",
                "shasum": ""
            },
            "require": {
                "php": ">=5.3.2"
            },
            "type": "library",
            "autoload": {
                "classmap": [
                    "lib/"
                ]
            },
            "notification-url": "https://packagist.org/downloads/",
            "license": [
                "New BSD"
            ],
            "authors": [
                {
                    "name": "Pavel Ptáček",
                    "homepage": "http://animalgroup.cz"
                }
            ],
            "description": "jsonrpc2 implementation for generic use. Test suite for Nette Framework included.",
            "homepage": "http://github.com/foglcz/JSONRpc2",
            "keywords": [
                "json",
                "nette",
                "rpc"
            ],
            "time": "2019-04-15T16:24:54+00:00"
        }
    ],
    "packages-dev": [],
    "aliases": [],
    "minimum-stability": "stable",
    "stability-flags": [],
    "prefer-stable": false,
    "prefer-lowest": false,
    "platform": [],
    "platform-dev": []
}
